// !$*UTF8*$!
{
	archiveVersion = 1;
	classes = {
	};
	objectVersion = 56;
	objects = {

/* Begin PBXBuildFile section */
		C80429182B309E00009C11C3 /* MainView.swift in Sources */ = {isa = PBXBuildFile; fileRef = C80429172B309E00009C11C3 /* MainView.swift */; };
		C83577942B305D0500CCDE31 /* Team26App.swift in Sources */ = {isa = PBXBuildFile; fileRef = C83577932B305D0500CCDE31 /* Team26App.swift */; };
		C83577962B305D0500CCDE31 /* ContentView.swift in Sources */ = {isa = PBXBuildFile; fileRef = C83577952B305D0500CCDE31 /* ContentView.swift */; };
		C83577982B305D0700CCDE31 /* Assets.xcassets in Resources */ = {isa = PBXBuildFile; fileRef = C83577972B305D0700CCDE31 /* Assets.xcassets */; };
		C835779B2B305D0700CCDE31 /* Preview Assets.xcassets in Resources */ = {isa = PBXBuildFile; fileRef = C835779A2B305D0700CCDE31 /* Preview Assets.xcassets */; };
		C83577A52B305D0700CCDE31 /* Team26Tests.swift in Sources */ = {isa = PBXBuildFile; fileRef = C83577A42B305D0700CCDE31 /* Team26Tests.swift */; };
		C83577AF2B305D0700CCDE31 /* Team26UITests.swift in Sources */ = {isa = PBXBuildFile; fileRef = C83577AE2B305D0700CCDE31 /* Team26UITests.swift */; };
		C83577B12B305D0700CCDE31 /* Team26UITestsLaunchTests.swift in Sources */ = {isa = PBXBuildFile; fileRef = C83577B02B305D0700CCDE31 /* Team26UITestsLaunchTests.swift */; };
		C83577BE2B305E5900CCDE31 /* SplashScreen.swift in Sources */ = {isa = PBXBuildFile; fileRef = C83577BD2B305E5900CCDE31 /* SplashScreen.swift */; };
/* End PBXBuildFile section */

/* Begin PBXContainerItemProxy section */
		C83577A12B305D0700CCDE31 /* PBXContainerItemProxy */ = {
			isa = PBXContainerItemProxy;
			containerPortal = C83577882B305D0500CCDE31 /* Project object */;
			proxyType = 1;
			remoteGlobalIDString = C835778F2B305D0500CCDE31;
			remoteInfo = Team26;
		};
		C83577AB2B305D0700CCDE31 /* PBXContainerItemProxy */ = {
			isa = PBXContainerItemProxy;
			containerPortal = C83577882B305D0500CCDE31 /* Project object */;
			proxyType = 1;
			remoteGlobalIDString = C835778F2B305D0500CCDE31;
			remoteInfo = Team26;
		};
/* End PBXContainerItemProxy section */

/* Begin PBXFileReference section */
		C80429172B309E00009C11C3 /* MainView.swift */ = {isa = PBXFileReference; lastKnownFileType = sourcecode.swift; path = MainView.swift; sourceTree = "<group>"; };
		C83577902B305D0500CCDE31 /* Team26.app */ = {isa = PBXFileReference; explicitFileType = wrapper.application; includeInIndex = 0; path = Team26.app; sourceTree = BUILT_PRODUCTS_DIR; };
		C83577932B305D0500CCDE31 /* Team26App.swift */ = {isa = PBXFileReference; lastKnownFileType = sourcecode.swift; path = Team26App.swift; sourceTree = "<group>"; };
		C83577952B305D0500CCDE31 /* ContentView.swift */ = {isa = PBXFileReference; lastKnownFileType = sourcecode.swift; path = ContentView.swift; sourceTree = "<group>"; usesTabs = 0; };
		C83577972B305D0700CCDE31 /* Assets.xcassets */ = {isa = PBXFileReference; lastKnownFileType = folder.assetcatalog; path = Assets.xcassets; sourceTree = "<group>"; };
		C835779A2B305D0700CCDE31 /* Preview Assets.xcassets */ = {isa = PBXFileReference; lastKnownFileType = folder.assetcatalog; path = "Preview Assets.xcassets"; sourceTree = "<group>"; };
		C83577A02B305D0700CCDE31 /* Team26Tests.xctest */ = {isa = PBXFileReference; explicitFileType = wrapper.cfbundle; includeInIndex = 0; path = Team26Tests.xctest; sourceTree = BUILT_PRODUCTS_DIR; };
		C83577A42B305D0700CCDE31 /* Team26Tests.swift */ = {isa = PBXFileReference; lastKnownFileType = sourcecode.swift; path = Team26Tests.swift; sourceTree = "<group>"; };
		C83577AA2B305D0700CCDE31 /* Team26UITests.xctest */ = {isa = PBXFileReference; explicitFileType = wrapper.cfbundle; includeInIndex = 0; path = Team26UITests.xctest; sourceTree = BUILT_PRODUCTS_DIR; };
		C83577AE2B305D0700CCDE31 /* Team26UITests.swift */ = {isa = PBXFileReference; lastKnownFileType = sourcecode.swift; path = Team26UITests.swift; sourceTree = "<group>"; };
		C83577B02B305D0700CCDE31 /* Team26UITestsLaunchTests.swift */ = {isa = PBXFileReference; lastKnownFileType = sourcecode.swift; path = Team26UITestsLaunchTests.swift; sourceTree = "<group>"; };
		C83577BD2B305E5900CCDE31 /* SplashScreen.swift */ = {isa = PBXFileReference; lastKnownFileType = sourcecode.swift; path = SplashScreen.swift; sourceTree = "<group>"; };
/* End PBXFileReference section */

/* Begin PBXFrameworksBuildPhase section */
		C835778D2B305D0500CCDE31 /* Frameworks */ = {
			isa = PBXFrameworksBuildPhase;
			buildActionMask = 2147483647;
			files = (
			);
			runOnlyForDeploymentPostprocessing = 0;
		};
		C835779D2B305D0700CCDE31 /* Frameworks */ = {
			isa = PBXFrameworksBuildPhase;
			buildActionMask = 2147483647;
			files = (
			);
			runOnlyForDeploymentPostprocessing = 0;
		};
		C83577A72B305D0700CCDE31 /* Frameworks */ = {
			isa = PBXFrameworksBuildPhase;
			buildActionMask = 2147483647;
			files = (
			);
			runOnlyForDeploymentPostprocessing = 0;
		};
/* End PBXFrameworksBuildPhase section */

/* Begin PBXGroup section */
		C83577872B305D0500CCDE31 = {
			isa = PBXGroup;
			children = (
				C83577922B305D0500CCDE31 /* Team26 */,
				C83577A32B305D0700CCDE31 /* Team26Tests */,
				C83577AD2B305D0700CCDE31 /* Team26UITests */,
				C83577912B305D0500CCDE31 /* Products */,
			);
			sourceTree = "<group>";
		};
		C83577912B305D0500CCDE31 /* Products */ = {
			isa = PBXGroup;
			children = (
				C83577902B305D0500CCDE31 /* Team26.app */,
				C83577A02B305D0700CCDE31 /* Team26Tests.xctest */,
				C83577AA2B305D0700CCDE31 /* Team26UITests.xctest */,
			);
			name = Products;
			sourceTree = "<group>";
		};
		C83577922B305D0500CCDE31 /* Team26 */ = {
			isa = PBXGroup;
			children = (
				C83577932B305D0500CCDE31 /* Team26App.swift */,
				C83577952B305D0500CCDE31 /* ContentView.swift */,
				C83577BD2B305E5900CCDE31 /* SplashScreen.swift */,
				C80429172B309E00009C11C3 /* MainView.swift */,
				C83577972B305D0700CCDE31 /* Assets.xcassets */,
				C83577992B305D0700CCDE31 /* Preview Content */,
			);
			path = Team26;
			sourceTree = "<group>";
		};
		C83577992B305D0700CCDE31 /* Preview Content */ = {
			isa = PBXGroup;
			children = (
				C835779A2B305D0700CCDE31 /* Preview Assets.xcassets */,
			);
			path = "Preview Content";
			sourceTree = "<group>";
		};
		C83577A32B305D0700CCDE31 /* Team26Tests */ = {
			isa = PBXGroup;
			children = (
				C83577A42B305D0700CCDE31 /* Team26Tests.swift */,
			);
			path = Team26Tests;
			sourceTree = "<group>";
		};
		C83577AD2B305D0700CCDE31 /* Team26UITests */ = {
			isa = PBXGroup;
			children = (
				C83577AE2B305D0700CCDE31 /* Team26UITests.swift */,
				C83577B02B305D0700CCDE31 /* Team26UITestsLaunchTests.swift */,
			);
			path = Team26UITests;
			sourceTree = "<group>";
		};
/* End PBXGroup section */

/* Begin PBXNativeTarget section */
		C835778F2B305D0500CCDE31 /* Team26 */ = {
			isa = PBXNativeTarget;
			buildConfigurationList = C83577B42B305D0700CCDE31 /* Build configuration list for PBXNativeTarget "Team26" */;
			buildPhases = (
				C835778C2B305D0500CCDE31 /* Sources */,
				C835778D2B305D0500CCDE31 /* Frameworks */,
				C835778E2B305D0500CCDE31 /* Resources */,
			);
			buildRules = (
			);
			dependencies = (
			);
			name = Team26;
			productName = Team26;
			productReference = C83577902B305D0500CCDE31 /* Team26.app */;
			productType = "com.apple.product-type.application";
		};
		C835779F2B305D0700CCDE31 /* Team26Tests */ = {
			isa = PBXNativeTarget;
			buildConfigurationList = C83577B72B305D0700CCDE31 /* Build configuration list for PBXNativeTarget "Team26Tests" */;
			buildPhases = (
				C835779C2B305D0700CCDE31 /* Sources */,
				C835779D2B305D0700CCDE31 /* Frameworks */,
				C835779E2B305D0700CCDE31 /* Resources */,
			);
			buildRules = (
			);
			dependencies = (
				C83577A22B305D0700CCDE31 /* PBXTargetDependency */,
			);
			name = Team26Tests;
			productName = Team26Tests;
			productReference = C83577A02B305D0700CCDE31 /* Team26Tests.xctest */;
			productType = "com.apple.product-type.bundle.unit-test";
		};
		C83577A92B305D0700CCDE31 /* Team26UITests */ = {
			isa = PBXNativeTarget;
			buildConfigurationList = C83577BA2B305D0700CCDE31 /* Build configuration list for PBXNativeTarget "Team26UITests" */;
			buildPhases = (
				C83577A62B305D0700CCDE31 /* Sources */,
				C83577A72B305D0700CCDE31 /* Frameworks */,
				C83577A82B305D0700CCDE31 /* Resources */,
			);
			buildRules = (
			);
			dependencies = (
				C83577AC2B305D0700CCDE31 /* PBXTargetDependency */,
			);
			name = Team26UITests;
			productName = Team26UITests;
			productReference = C83577AA2B305D0700CCDE31 /* Team26UITests.xctest */;
			productType = "com.apple.product-type.bundle.ui-testing";
		};
/* End PBXNativeTarget section */

/* Begin PBXProject section */
		C83577882B305D0500CCDE31 /* Project object */ = {
			isa = PBXProject;
			attributes = {
				BuildIndependentTargetsInParallel = 1;
				LastSwiftUpdateCheck = 1500;
				LastUpgradeCheck = 1500;
				TargetAttributes = {
					C835778F2B305D0500CCDE31 = {
						CreatedOnToolsVersion = 15.0;
					};
					C835779F2B305D0700CCDE31 = {
						CreatedOnToolsVersion = 15.0;
						TestTargetID = C835778F2B305D0500CCDE31;
					};
					C83577A92B305D0700CCDE31 = {
						CreatedOnToolsVersion = 15.0;
						TestTargetID = C835778F2B305D0500CCDE31;
					};
				};
			};
			buildConfigurationList = C835778B2B305D0500CCDE31 /* Build configuration list for PBXProject "Team26" */;
			compatibilityVersion = "Xcode 14.0";
			developmentRegion = en;
			hasScannedForEncodings = 0;
			knownRegions = (
				en,
				Base,
			);
			mainGroup = C83577872B305D0500CCDE31;
			productRefGroup = C83577912B305D0500CCDE31 /* Products */;
			projectDirPath = "";
			projectRoot = "";
			targets = (
				C835778F2B305D0500CCDE31 /* Team26 */,
				C835779F2B305D0700CCDE31 /* Team26Tests */,
				C83577A92B305D0700CCDE31 /* Team26UITests */,
			);
		};
/* End PBXProject section */

/* Begin PBXResourcesBuildPhase section */
		C835778E2B305D0500CCDE31 /* Resources */ = {
			isa = PBXResourcesBuildPhase;
			buildActionMask = 2147483647;
			files = (
				C835779B2B305D0700CCDE31 /* Preview Assets.xcassets in Resources */,
				C83577982B305D0700CCDE31 /* Assets.xcassets in Resources */,
			);
			runOnlyForDeploymentPostprocessing = 0;
		};
		C835779E2B305D0700CCDE31 /* Resources */ = {
			isa = PBXResourcesBuildPhase;
			buildActionMask = 2147483647;
			files = (
			);
			runOnlyForDeploymentPostprocessing = 0;
		};
		C83577A82B305D0700CCDE31 /* Resources */ = {
			isa = PBXResourcesBuildPhase;
			buildActionMask = 2147483647;
			files = (
			);
			runOnlyForDeploymentPostprocessing = 0;
		};
/* End PBXResourcesBuildPhase section */

/* Begin PBXSourcesBuildPhase section */
		C835778C2B305D0500CCDE31 /* Sources */ = {
			isa = PBXSourcesBuildPhase;
			buildActionMask = 2147483647;
			files = (
				C83577BE2B305E5900CCDE31 /* SplashScreen.swift in Sources */,
				C80429182B309E00009C11C3 /* MainView.swift in Sources */,
				C83577962B305D0500CCDE31 /* ContentView.swift in Sources */,
				C83577942B305D0500CCDE31 /* Team26App.swift in Sources */,
			);
			runOnlyForDeploymentPostprocessing = 0;
		};
		C835779C2B305D0700CCDE31 /* Sources */ = {
			isa = PBXSourcesBuildPhase;
			buildActionMask = 2147483647;
			files = (
				C83577A52B305D0700CCDE31 /* Team26Tests.swift in Sources */,
			);
			runOnlyForDeploymentPostprocessing = 0;
		};
		C83577A62B305D0700CCDE31 /* Sources */ = {
			isa = PBXSourcesBuildPhase;
			buildActionMask = 2147483647;
			files = (
				C83577AF2B305D0700CCDE31 /* Team26UITests.swift in Sources */,
				C83577B12B305D0700CCDE31 /* Team26UITestsLaunchTests.swift in Sources */,
			);
			runOnlyForDeploymentPostprocessing = 0;
		};
/* End PBXSourcesBuildPhase section */

/* Begin PBXTargetDependency section */
		C83577A22B305D0700CCDE31 /* PBXTargetDependency */ = {
			isa = PBXTargetDependency;
			target = C835778F2B305D0500CCDE31 /* Team26 */;
			targetProxy = C83577A12B305D0700CCDE31 /* PBXContainerItemProxy */;
		};
		C83577AC2B305D0700CCDE31 /* PBXTargetDependency */ = {
			isa = PBXTargetDependency;
			target = C835778F2B305D0500CCDE31 /* Team26 */;
			targetProxy = C83577AB2B305D0700CCDE31 /* PBXContainerItemProxy */;
		};
/* End PBXTargetDependency section */

/* Begin XCBuildConfiguration section */
		C83577B22B305D0700CCDE31 /* Debug */ = {
			isa = XCBuildConfiguration;
			buildSettings = {
				ALWAYS_SEARCH_USER_PATHS = NO;
				ASSETCATALOG_COMPILER_GENERATE_SWIFT_ASSET_SYMBOL_EXTENSIONS = YES;
				CLANG_ANALYZER_NONNULL = YES;
				CLANG_ANALYZER_NUMBER_OBJECT_CONVERSION = YES_AGGRESSIVE;
				CLANG_CXX_LANGUAGE_STANDARD = "gnu++20";
				CLANG_ENABLE_MODULES = YES;
				CLANG_ENABLE_OBJC_ARC = YES;
				CLANG_ENABLE_OBJC_WEAK = YES;
				CLANG_WARN_BLOCK_CAPTURE_AUTORELEASING = YES;
				CLANG_WARN_BOOL_CONVERSION = YES;
				CLANG_WARN_COMMA = YES;
				CLANG_WARN_CONSTANT_CONVERSION = YES;
				CLANG_WARN_DEPRECATED_OBJC_IMPLEMENTATIONS = YES;
				CLANG_WARN_DIRECT_OBJC_ISA_USAGE = YES_ERROR;
				CLANG_WARN_DOCUMENTATION_COMMENTS = YES;
				CLANG_WARN_EMPTY_BODY = YES;
				CLANG_WARN_ENUM_CONVERSION = YES;
				CLANG_WARN_INFINITE_RECURSION = YES;
				CLANG_WARN_INT_CONVERSION = YES;
				CLANG_WARN_NON_LITERAL_NULL_CONVERSION = YES;
				CLANG_WARN_OBJC_IMPLICIT_RETAIN_SELF = YES;
				CLANG_WARN_OBJC_LITERAL_CONVERSION = YES;
				CLANG_WARN_OBJC_ROOT_CLASS = YES_ERROR;
				CLANG_WARN_QUOTED_INCLUDE_IN_FRAMEWORK_HEADER = YES;
				CLANG_WARN_RANGE_LOOP_ANALYSIS = YES;
				CLANG_WARN_STRICT_PROTOTYPES = YES;
				CLANG_WARN_SUSPICIOUS_MOVE = YES;
				CLANG_WARN_UNGUARDED_AVAILABILITY = YES_AGGRESSIVE;
				CLANG_WARN_UNREACHABLE_CODE = YES;
				CLANG_WARN__DUPLICATE_METHOD_MATCH = YES;
				COPY_PHASE_STRIP = NO;
				DEBUG_INFORMATION_FORMAT = dwarf;
				ENABLE_STRICT_OBJC_MSGSEND = YES;
				ENABLE_TESTABILITY = YES;
				ENABLE_USER_SCRIPT_SANDBOXING = YES;
				GCC_C_LANGUAGE_STANDARD = gnu17;
				GCC_DYNAMIC_NO_PIC = NO;
				GCC_NO_COMMON_BLOCKS = YES;
				GCC_OPTIMIZATION_LEVEL = 0;
				GCC_PREPROCESSOR_DEFINITIONS = (
					"DEBUG=1",
					"$(inherited)",
				);
				GCC_WARN_64_TO_32_BIT_CONVERSION = YES;
				GCC_WARN_ABOUT_RETURN_TYPE = YES_ERROR;
				GCC_WARN_UNDECLARED_SELECTOR = YES;
				GCC_WARN_UNINITIALIZED_AUTOS = YES_AGGRESSIVE;
				GCC_WARN_UNUSED_FUNCTION = YES;
				GCC_WARN_UNUSED_VARIABLE = YES;
				IPHONEOS_DEPLOYMENT_TARGET = 17.0;
				LOCALIZATION_PREFERS_STRING_CATALOGS = YES;
				MTL_ENABLE_DEBUG_INFO = INCLUDE_SOURCE;
				MTL_FAST_MATH = YES;
				ONLY_ACTIVE_ARCH = YES;
				SDKROOT = iphoneos;
				SWIFT_ACTIVE_COMPILATION_CONDITIONS = "DEBUG $(inherited)";
				SWIFT_OPTIMIZATION_LEVEL = "-Onone";
			};
			name = Debug;
		};
		C83577B32B305D0700CCDE31 /* Release */ = {
			isa = XCBuildConfiguration;
			buildSettings = {
				ALWAYS_SEARCH_USER_PATHS = NO;
				ASSETCATALOG_COMPILER_GENERATE_SWIFT_ASSET_SYMBOL_EXTENSIONS = YES;
				CLANG_ANALYZER_NONNULL = YES;
				CLANG_ANALYZER_NUMBER_OBJECT_CONVERSION = YES_AGGRESSIVE;
				CLANG_CXX_LANGUAGE_STANDARD = "gnu++20";
				CLANG_ENABLE_MODULES = YES;
				CLANG_ENABLE_OBJC_ARC = YES;
				CLANG_ENABLE_OBJC_WEAK = YES;
				CLANG_WARN_BLOCK_CAPTURE_AUTORELEASING = YES;
				CLANG_WARN_BOOL_CONVERSION = YES;
				CLANG_WARN_COMMA = YES;
				CLANG_WARN_CONSTANT_CONVERSION = YES;
				CLANG_WARN_DEPRECATED_OBJC_IMPLEMENTATIONS = YES;
				CLANG_WARN_DIRECT_OBJC_ISA_USAGE = YES_ERROR;
				CLANG_WARN_DOCUMENTATION_COMMENTS = YES;
				CLANG_WARN_EMPTY_BODY = YES;
				CLANG_WARN_ENUM_CONVERSION = YES;
				CLANG_WARN_INFINITE_RECURSION = YES;
				CLANG_WARN_INT_CONVERSION = YES;
				CLANG_WARN_NON_LITERAL_NULL_CONVERSION = YES;
				CLANG_WARN_OBJC_IMPLICIT_RETAIN_SELF = YES;
				CLANG_WARN_OBJC_LITERAL_CONVERSION = YES;
				CLANG_WARN_OBJC_ROOT_CLASS = YES_ERROR;
				CLANG_WARN_QUOTED_INCLUDE_IN_FRAMEWORK_HEADER = YES;
				CLANG_WARN_RANGE_LOOP_ANALYSIS = YES;
				CLANG_WARN_STRICT_PROTOTYPES = YES;
				CLANG_WARN_SUSPICIOUS_MOVE = YES;
				CLANG_WARN_UNGUARDED_AVAILABILITY = YES_AGGRESSIVE;
				CLANG_WARN_UNREACHABLE_CODE = YES;
				CLANG_WARN__DUPLICATE_METHOD_MATCH = YES;
				COPY_PHASE_STRIP = NO;
				DEBUG_INFORMATION_FORMAT = "dwarf-with-dsym";
				ENABLE_NS_ASSERTIONS = NO;
				ENABLE_STRICT_OBJC_MSGSEND = YES;
				ENABLE_USER_SCRIPT_SANDBOXING = YES;
				GCC_C_LANGUAGE_STANDARD = gnu17;
				GCC_NO_COMMON_BLOCKS = YES;
				GCC_WARN_64_TO_32_BIT_CONVERSION = YES;
				GCC_WARN_ABOUT_RETURN_TYPE = YES_ERROR;
				GCC_WARN_UNDECLARED_SELECTOR = YES;
				GCC_WARN_UNINITIALIZED_AUTOS = YES_AGGRESSIVE;
				GCC_WARN_UNUSED_FUNCTION = YES;
				GCC_WARN_UNUSED_VARIABLE = YES;
				IPHONEOS_DEPLOYMENT_TARGET = 17.0;
				LOCALIZATION_PREFERS_STRING_CATALOGS = YES;
				MTL_ENABLE_DEBUG_INFO = NO;
				MTL_FAST_MATH = YES;
				SDKROOT = iphoneos;
				SWIFT_COMPILATION_MODE = wholemodule;
				VALIDATE_PRODUCT = YES;
			};
			name = Release;
		};
		C83577B52B305D0700CCDE31 /* Debug */ = {
			isa = XCBuildConfiguration;
			buildSettings = {
				ASSETCATALOG_COMPILER_APPICON_NAME = AppIcon;
				ASSETCATALOG_COMPILER_GLOBAL_ACCENT_COLOR_NAME = AccentColor;
				CODE_SIGN_STYLE = Automatic;
				CURRENT_PROJECT_VERSION = 1;
				DEVELOPMENT_ASSET_PATHS = "\"Team26/Preview Content\"";
				DEVELOPMENT_TEAM = AF53DG3XUB;
				ENABLE_PREVIEWS = YES;
				GENERATE_INFOPLIST_FILE = YES;
				INFOPLIST_KEY_UIApplicationSceneManifest_Generation = YES;
				INFOPLIST_KEY_UIApplicationSupportsIndirectInputEvents = YES;
				INFOPLIST_KEY_UILaunchScreen_Generation = YES;
				INFOPLIST_KEY_UISupportedInterfaceOrientations_iPad = "UIInterfaceOrientationPortrait UIInterfaceOrientationPortraitUpsideDown UIInterfaceOrientationLandscapeLeft UIInterfaceOrientationLandscapeRight";
				INFOPLIST_KEY_UISupportedInterfaceOrientations_iPhone = "UIInterfaceOrientationPortrait UIInterfaceOrientationLandscapeLeft UIInterfaceOrientationLandscapeRight";
				LD_RUNPATH_SEARCH_PATHS = (
					"$(inherited)",
					"@executable_path/Frameworks",
				);
				MARKETING_VERSION = 1.0;
				PRODUCT_BUNDLE_IDENTIFIER = A.Team26;
				PRODUCT_NAME = "$(TARGET_NAME)";
				SWIFT_EMIT_LOC_STRINGS = YES;
				SWIFT_VERSION = 5.0;
				TARGETED_DEVICE_FAMILY = "1,2";
			};
			name = Debug;
		};
		C83577B62B305D0700CCDE31 /* Release */ = {
			isa = XCBuildConfiguration;
			buildSettings = {
				ASSETCATALOG_COMPILER_APPICON_NAME = AppIcon;
				ASSETCATALOG_COMPILER_GLOBAL_ACCENT_COLOR_NAME = AccentColor;
				CODE_SIGN_STYLE = Automatic;
				CURRENT_PROJECT_VERSION = 1;
				DEVELOPMENT_ASSET_PATHS = "\"Team26/Preview Content\"";
				DEVELOPMENT_TEAM = AF53DG3XUB;
				ENABLE_PREVIEWS = YES;
				GENERATE_INFOPLIST_FILE = YES;
				INFOPLIST_KEY_UIApplicationSceneManifest_Generation = YES;
				INFOPLIST_KEY_UIApplicationSupportsIndirectInputEvents = YES;
				INFOPLIST_KEY_UILaunchScreen_Generation = YES;
				INFOPLIST_KEY_UISupportedInterfaceOrientations_iPad = "UIInterfaceOrientationPortrait UIInterfaceOrientationPortraitUpsideDown UIInterfaceOrientationLandscapeLeft UIInterfaceOrientationLandscapeRight";
				INFOPLIST_KEY_UISupportedInterfaceOrientations_iPhone = "UIInterfaceOrientationPortrait UIInterfaceOrientationLandscapeLeft UIInterfaceOrientationLandscapeRight";
				LD_RUNPATH_SEARCH_PATHS = (
					"$(inherited)",
					"@executable_path/Frameworks",
				);
				MARKETING_VERSION = 1.0;
				PRODUCT_BUNDLE_IDENTIFIER = A.Team26;
				PRODUCT_NAME = "$(TARGET_NAME)";
				SWIFT_EMIT_LOC_STRINGS = YES;
				SWIFT_VERSION = 5.0;
				TARGETED_DEVICE_FAMILY = "1,2";
			};
			name = Release;
		};
		C83577B82B305D0700CCDE31 /* Debug */ = {
			isa = XCBuildConfiguration;
			buildSettings = {
				ALWAYS_EMBED_SWIFT_STANDARD_LIBRARIES = YES;
				BUNDLE_LOADER = "$(TEST_HOST)";
				CODE_SIGN_STYLE = Automatic;
				CURRENT_PROJECT_VERSION = 1;
				DEVELOPMENT_TEAM = AF53DG3XUB;
				GENERATE_INFOPLIST_FILE = YES;
				IPHONEOS_DEPLOYMENT_TARGET = 17.0;
				MARKETING_VERSION = 1.0;
				PRODUCT_BUNDLE_IDENTIFIER = A.Team26Tests;
				PRODUCT_NAME = "$(TARGET_NAME)";
				SWIFT_EMIT_LOC_STRINGS = NO;
				SWIFT_VERSION = 5.0;
				TARGETED_DEVICE_FAMILY = "1,2";
				TEST_HOST = "$(BUILT_PRODUCTS_DIR)/Team26.app/$(BUNDLE_EXECUTABLE_FOLDER_PATH)/Team26";
			};
			name = Debug;
		};
		C83577B92B305D0700CCDE31 /* Release */ = {
			isa = XCBuildConfiguration;
			buildSettings = {
				ALWAYS_EMBED_SWIFT_STANDARD_LIBRARIES = YES;
				BUNDLE_LOADER = "$(TEST_HOST)";
				CODE_SIGN_STYLE = Automatic;
				CURRENT_PROJECT_VERSION = 1;
				DEVELOPMENT_TEAM = AF53DG3XUB;
				GENERATE_INFOPLIST_FILE = YES;
				IPHONEOS_DEPLOYMENT_TARGET = 17.0;
				MARKETING_VERSION = 1.0;
				PRODUCT_BUNDLE_IDENTIFIER = A.Team26Tests;
				PRODUCT_NAME = "$(TARGET_NAME)";
				SWIFT_EMIT_LOC_STRINGS = NO;
				SWIFT_VERSION = 5.0;
				TARGETED_DEVICE_FAMILY = "1,2";
				TEST_HOST = "$(BUILT_PRODUCTS_DIR)/Team26.app/$(BUNDLE_EXECUTABLE_FOLDER_PATH)/Team26";
			};
			name = Release;
		};
		C83577BB2B305D0700CCDE31 /* Debug */ = {
			isa = XCBuildConfiguration;
			buildSettings = {
				ALWAYS_EMBED_SWIFT_STANDARD_LIBRARIES = YES;
				CODE_SIGN_STYLE = Automatic;
				CURRENT_PROJECT_VERSION = 1;
				DEVELOPMENT_TEAM = AF53DG3XUB;
				GENERATE_INFOPLIST_FILE = YES;
				MARKETING_VERSION = 1.0;
				PRODUCT_BUNDLE_IDENTIFIER = A.Team26UITests;
				PRODUCT_NAME = "$(TARGET_NAME)";
				SWIFT_EMIT_LOC_STRINGS = NO;
				SWIFT_VERSION = 5.0;
				TARGETED_DEVICE_FAMILY = "1,2";
				TEST_TARGET_NAME = Team26;
			};
			name = Debug;
		};
		C83577BC2B305D0700CCDE31 /* Release */ = {
			isa = XCBuildConfiguration;
			buildSettings = {
				ALWAYS_EMBED_SWIFT_STANDARD_LIBRARIES = YES;
				CODE_SIGN_STYLE = Automatic;
				CURRENT_PROJECT_VERSION = 1;
				DEVELOPMENT_TEAM = AF53DG3XUB;
				GENERATE_INFOPLIST_FILE = YES;
				MARKETING_VERSION = 1.0;
				PRODUCT_BUNDLE_IDENTIFIER = A.Team26UITests;
				PRODUCT_NAME = "$(TARGET_NAME)";
				SWIFT_EMIT_LOC_STRINGS = NO;
				SWIFT_VERSION = 5.0;
				TARGETED_DEVICE_FAMILY = "1,2";
				TEST_TARGET_NAME = Team26;
			};
			name = Release;
		};
/* End XCBuildConfiguration section */

/* Begin XCConfigurationList section */
		C835778B2B305D0500CCDE31 /* Build configuration list for PBXProject "Team26" */ = {
			isa = XCConfigurationList;
			buildConfigurations = (
				C83577B22B305D0700CCDE31 /* Debug */,
				C83577B32B305D0700CCDE31 /* Release */,
			);
			defaultConfigurationIsVisible = 0;
			defaultConfigurationName = Release;
		};
		C83577B42B305D0700CCDE31 /* Build configuration list for PBXNativeTarget "Team26" */ = {
			isa = XCConfigurationList;
			buildConfigurations = (
				C83577B52B305D0700CCDE31 /* Debug */,
				C83577B62B305D0700CCDE31 /* Release */,
			);
			defaultConfigurationIsVisible = 0;
			defaultConfigurationName = Release;
		};
		C83577B72B305D0700CCDE31 /* Build configuration list for PBXNativeTarget "Team26Tests" */ = {
			isa = XCConfigurationList;
			buildConfigurations = (
				C83577B82B305D0700CCDE31 /* Debug */,
				C83577B92B305D0700CCDE31 /* Release */,
			);
			defaultConfigurationIsVisible = 0;
			defaultConfigurationName = Release;
		};
		C83577BA2B305D0700CCDE31 /* Build configuration list for PBXNativeTarget "Team26UITests" */ = {
			isa = XCConfigurationList;
			buildConfigurations = (
				C83577BB2B305D0700CCDE31 /* Debug */,
				C83577BC2B305D0700CCDE31 /* Release */,
			);
			defaultConfigurationIsVisible = 0;
			defaultConfigurationName = Release;
		};
/* End XCConfigurationList section */
	};
	rootObject = C83577882B305D0500CCDE31 /* Project object */;
}
